Microsoft Visual Studio Solution File, Format Version 12.00
# Visual Studio 15
VisualStudioVersion = 15.0.27130.2027
MinimumVisualStudioVersion = 10.0.40219.1
Project("{9A19103F-16F7-4668-BE54-9A1E7A4F7556}") = "CutView", "CutView.csproj", "{585FCCF0-CC85-4368-AC3A-E4823E76085D}"
EndProject
Project("{2150E333-8FDC-42A3-9474-1A3956D46DE8}") = "Test", "Test", "{727D26D6-2450-47C7-B4F9-338056DFDD6A}"
EndProject
Project("{FAE04EC0-301F-11D3-BF4B-00C04F79EFBC}") = "App.Android", "..\Test\App\App.Android\App.Android.csproj", "{D9CDF93D-C98A-470D-9226-B74C8A47BDC8}"
EndProject
Project("{FAE04EC0-301F-11D3-BF4B-00C04F79EFBC}") = "App.iOS", "..\Test\App\App.iOS\App.iOS.csproj", "{83FEB6D3-1D92-4166-A38F-841A96A934FA}"
EndProject
Project("{FAE04EC0-301F-11D3-BF4B-00C04F79EFBC}") = "App", "..\Test\App\App\App.csproj", "{6418E565-20D9-4B51-81A1-C491DC9C65F8}"
EndProject
Global
	GlobalSection(SolutionConfigurationPlatforms) = preSolution
		Ad-Hoc|Any CPU = Ad-Hoc|Any CPU
		Ad-Hoc|iPhone = Ad-Hoc|iPhone
		Ad-Hoc|iPhoneSimulator = Ad-Hoc|iPhoneSimulator
		AppStore|Any CPU = AppStore|Any CPU
		AppStore|iPhone = AppStore|iPhone
		AppStore|iPhoneSimulator = AppStore|iPhoneSimulator
		Debug|Any CPU = Debug|Any CPU
		Debug|iPhone = Debug|iPhone
		Debug|iPhoneSimulator = Debug|iPhoneSimulator
		Release|Any CPU = Release|Any CPU
		Release|iPhone = Release|iPhone
		Release|iPhoneSimulator = Release|iPhoneSimulator
	EndGlobalSection
	GlobalSection(ProjectConfigurationPlatforms) = postSolution
		{585FCCF0-CC85-4368-AC3A-E4823E76085D}.Ad-Hoc|Any CPU.ActiveCfg = Release|Any CPU
		{585FCCF0-CC85-4368-AC3A-E4823E76085D}.Ad-Hoc|Any CPU.Build.0 = Release|Any CPU
		{585FCCF0-CC85-4368-AC3A-E4823E76085D}.Ad-Hoc|iPhone.ActiveCfg = Debug|Any CPU
		{585FCCF0-CC85-4368-AC3A-E4823E76085D}.Ad-Hoc|iPhone.Build.0 = Debug|Any CPU
		{585FCCF0-CC85-4368-AC3A-E4823E76085D}.Ad-Hoc|iPhoneSimulator.ActiveCfg = Release|Any CPU
		{585FCCF0-CC85-4368-AC3A-E4823E76085D}.Ad-Hoc|iPhoneSimulator.Build.0 = Release|Any CPU
		{585FCCF0-CC85-4368-AC3A-E4823E76085D}.AppStore|Any CPU.ActiveCfg = Release|Any CPU
		{585FCCF0-CC85-4368-AC3A-E4823E76085D}.AppStore|Any CPU.Build.0 = Release|Any CPU
		{585FCCF0-CC85-4368-AC3A-E4823E76085D}.AppStore|iPhone.ActiveCfg = Debug|Any CPU
		{585FCCF0-CC85-4368-AC3A-E4823E76085D}.AppStore|iPhone.Build.0 = Debug|Any CPU
		{585FCCF0-CC85-4368-AC3A-E4823E76085D}.AppStore|iPhoneSimulator.ActiveCfg = Release|Any CPU
		{585FCCF0-CC85-4368-AC3A-E4823E76085D}.AppStore|iPhoneSimulator.Build.0 = Release|Any CPU
		{585FCCF0-CC85-4368-AC3A-E4823E76085D}.Debug|Any CPU.ActiveCfg = Debug|Any CPU
		{585FCCF0-CC85-4368-AC3A-E4823E76085D}.Debug|Any CPU.Build.0 = Debug|Any CPU
		{585FCCF0-CC85-4368-AC3A-E4823E76085D}.Debug|iPhone.ActiveCfg = Debug|Any CPU
		{585FCCF0-CC85-4368-AC3A-E4823E76085D}.Debug|iPhone.Build.0 = Debug|Any CPU
		{585FCCF0-CC85-4368-AC3A-E4823E76085D}.Debug|iPhoneSimulator.ActiveCfg = Debug|Any CPU
		{585FCCF0-CC85-4368-AC3A-E4823E76085D}.Debug|iPhoneSimulator.Build.0 = Debug|Any CPU
		{585FCCF0-CC85-4368-AC3A-E4823E76085D}.Release|Any CPU.ActiveCfg = Release|Any CPU
		{585FCCF0-CC85-4368-AC3A-E4823E76085D}.Release|Any CPU.Build.0 = Release|Any CPU
		{585FCCF0-CC85-4368-AC3A-E4823E76085D}.Release|iPhone.ActiveCfg = Release|Any CPU
		{585FCCF0-CC85-4368-AC3A-E4823E76085D}.Release|iPhone.Build.0 = Release|Any CPU
		{585FCCF0-CC85-4368-AC3A-E4823E76085D}.Release|iPhoneSimulator.ActiveCfg = Release|Any CPU
		{585FCCF0-CC85-4368-AC3A-E4823E76085D}.Release|iPhoneSimulator.Build.0 = Release|Any CPU
		{D9CDF93D-C98A-470D-9226-B74C8A47BDC8}.Ad-Hoc|Any CPU.ActiveCfg = Release|Any CPU
		{D9CDF93D-C98A-470D-9226-B74C8A47BDC8}.Ad-Hoc|Any CPU.Build.0 = Release|Any CPU
		{D9CDF93D-C98A-470D-9226-B74C8A47BDC8}.Ad-Hoc|Any CPU.Deploy.0 = Release|Any CPU
		{D9CDF93D-C98A-470D-9226-B74C8A47BDC8}.Ad-Hoc|iPhone.ActiveCfg = Release|Any CPU
		{D9CDF93D-C98A-470D-9226-B74C8A47BDC8}.Ad-Hoc|iPhone.Build.0 = Release|Any CPU
		{D9CDF93D-C98A-470D-9226-B74C8A47BDC8}.Ad-Hoc|iPhone.Deploy.0 = Release|Any CPU
		{D9CDF93D-C98A-470D-9226-B74C8A47BDC8}.Ad-Hoc|iPhoneSimulator.ActiveCfg = Release|Any CPU
		{D9CDF93D-C98A-470D-9226-B74C8A47BDC8}.Ad-Hoc|iPhoneSimulator.Build.0 = Release|Any CPU
		{D9CDF93D-C98A-470D-9226-B74C8A47BDC8}.Ad-Hoc|iPhoneSimulator.Deploy.0 = Release|Any CPU
		{D9CDF93D-C98A-470D-9226-B74C8A47BDC8}.AppStore|Any CPU.ActiveCfg = Release|Any CPU
		{D9CDF93D-C98A-470D-9226-B74C8A47BDC8}.AppStore|Any CPU.Build.0 = Release|Any CPU
		{D9CDF93D-C98A-470D-9226-B74C8A47BDC8}.AppStore|Any CPU.Deploy.0 = Release|Any CPU
		{D9CDF93D-C98A-470D-9226-B74C8A47BDC8}.AppStore|iPhone.ActiveCfg = Release|Any CPU
		{D9CDF93D-C98A-470D-9226-B74C8A47BDC8}.AppStore|iPhone.Build.0 = Release|Any CPU
		{D9CDF93D-C98A-470D-9226-B74C8A47BDC8}.AppStore|iPhone.Deploy.0 = Release|Any CPU
		{D9CDF93D-C98A-470D-9226-B74C8A47BDC8}.AppStore|iPhoneSimulator.ActiveCfg = Release|Any CPU
		{D9CDF93D-C98A-470D-9226-B74C8A47BDC8}.AppStore|iPhoneSimulator.Build.0 = Release|Any CPU
		{D9CDF93D-C98A-470D-9226-B74C8A47BDC8}.AppStore|iPhoneSimulator.Deploy.0 = Release|Any CPU
		{D9CDF93D-C98A-470D-9226-B74C8A47BDC8}.Debug|Any CPU.ActiveCfg = Debug|Any CPU
		{D9CDF93D-C98A-470D-9226-B74C8A47BDC8}.Debug|Any CPU.Build.0 = Debug|Any CPU
		{D9CDF93D-C98A-470D-9226-B74C8A47BDC8}.Debug|Any CPU.Deploy.0 = Debug|Any CPU
		{D9CDF93D-C98A-470D-9226-B74C8A47BDC8}.Debug|iPhone.ActiveCfg = Debug|Any CPU
		{D9CDF93D-C98A-470D-9226-B74C8A47BDC8}.Debug|iPhone.Build.0 = Debug|Any CPU
		{D9CDF93D-C98A-470D-9226-B74C8A47BDC8}.Debug|iPhone.Deploy.0 = Debug|Any CPU
		{D9CDF93D-C98A-470D-9226-B74C8A47BDC8}.Debug|iPhoneSimulator.ActiveCfg = Debug|Any CPU
		{D9CDF93D-C98A-470D-9226-B74C8A47BDC8}.Debug|iPhoneSimulator.Build.0 = Debug|Any CPU
		{D9CDF93D-C98A-470D-9226-B74C8A47BDC8}.Debug|iPhoneSimulator.Deploy.0 = Debug|Any CPU
		{D9CDF93D-C98A-470D-9226-B74C8A47BDC8}.Release|Any CPU.ActiveCfg = Release|Any CPU
		{D9CDF93D-C98A-470D-9226-B74C8A47BDC8}.Release|Any CPU.Build.0 = Release|Any CPU
		{D9CDF93D-C98A-470D-9226-B74C8A47BDC8}.Release|Any CPU.Deploy.0 = Release|Any CPU
		{D9CDF93D-C98A-470D-9226-B74C8A47BDC8}.Release|iPhone.ActiveCfg = Release|Any CPU
		{D9CDF93D-C98A-470D-9226-B74C8A47BDC8}.Release|iPhone.Build.0 = Release|Any CPU
		{D9CDF93D-C98A-470D-9226-B74C8A47BDC8}.Release|iPhone.Deploy.0 = Release|Any CPU
		{D9CDF93D-C98A-470D-9226-B74C8A47BDC8}.Release|iPhoneSimulator.ActiveCfg = Release|Any CPU
		{D9CDF93D-C98A-470D-9226-B74C8A47BDC8}.Release|iPhoneSimulator.Build.0 = Release|Any CPU
		{D9CDF93D-C98A-470D-9226-B74C8A47BDC8}.Release|iPhoneSimulator.Deploy.0 = Release|Any CPU
		{83FEB6D3-1D92-4166-A38F-841A96A934FA}.Ad-Hoc|Any CPU.ActiveCfg = Ad-Hoc|iPhone
		{83FEB6D3-1D92-4166-A38F-841A96A934FA}.Ad-Hoc|iPhone.ActiveCfg = Ad-Hoc|iPhone
		{83FEB6D3-1D92-4166-A38F-841A96A934FA}.Ad-Hoc|iPhone.Build.0 = Ad-Hoc|iPhone
		{83FEB6D3-1D92-4166-A38F-841A96A934FA}.Ad-Hoc|iPhoneSimulator.ActiveCfg = Ad-Hoc|iPhoneSimulator
		{83FEB6D3-1D92-4166-A38F-841A96A934FA}.Ad-Hoc|iPhoneSimulator.Build.0 = Ad-Hoc|iPhoneSimulator
		{83FEB6D3-1D92-4166-A38F-841A96A934FA}.AppStore|Any CPU.ActiveCfg = AppStore|iPhone
		{83FEB6D3-1D92-4166-A38F-841A96A934FA}.AppStore|iPhone.ActiveCfg = AppStore|iPhone
		{83FEB6D3-1D92-4166-A38F-841A96A934FA}.AppStore|iPhone.Build.0 = AppStore|iPhone
		{83FEB6D3-1D92-4166-A38F-841A96A934FA}.AppStore|iPhoneSimulator.ActiveCfg = AppStore|iPhoneSimulator
		{83FEB6D3-1D92-4166-A38F-841A96A934FA}.AppStore|iPhoneSimulator.Build.0 = AppStore|iPhoneSimulator
		{83FEB6D3-1D92-4166-A38F-841A96A934FA}.Debug|Any CPU.ActiveCfg = Debug|iPhone
		{83FEB6D3-1D92-4166-A38F-841A96A934FA}.Debug|iPhone.ActiveCfg = Debug|iPhone
		{83FEB6D3-1D92-4166-A38F-841A96A934FA}.Debug|iPhone.Build.0 = Debug|iPhone
		{83FEB6D3-1D92-4166-A38F-841A96A934FA}.Debug|iPhoneSimulator.ActiveCfg = Debug|iPhoneSimulator
		{83FEB6D3-1D92-4166-A38F-841A96A934FA}.Debug|iPhoneSimulator.Build.0 = Debug|iPhoneSimulator
		{83FEB6D3-1D92-4166-A38F-841A96A934FA}.Release|Any CPU.ActiveCfg = Release|iPhone
		{83FEB6D3-1D92-4166-A38F-841A96A934FA}.Release|iPhone.ActiveCfg = Release|iPhone
		{83FEB6D3-1D92-4166-A38F-841A96A934FA}.Release|iPhone.Build.0 = Release|iPhone
		{83FEB6D3-1D92-4166-A38F-841A96A934FA}.Release|iPhoneSimulator.ActiveCfg = Release|iPhoneSimulator
		{83FEB6D3-1D92-4166-A38F-841A96A934FA}.Release|iPhoneSimulator.Build.0 = Release|iPhoneSimulator
		{6418E565-20D9-4B51-81A1-C491DC9C65F8}.Ad-Hoc|Any CPU.ActiveCfg = Debug|Any CPU
		{6418E565-20D9-4B51-81A1-C491DC9C65F8}.Ad-Hoc|Any CPU.Build.0 = Debug|Any CPU
		{6418E565-20D9-4B51-81A1-C491DC9C65F8}.Ad-Hoc|iPhone.ActiveCfg = Debug|Any CPU
		{6418E565-20D9-4B51-81A1-C491DC9C65F8}.Ad-Hoc|iPhone.Build.0 = Debug|Any CPU
		{6418E565-20D9-4B51-81A1-C491DC9C65F8}.Ad-Hoc|iPhoneSimulator.ActiveCfg = Debug|Any CPU
		{6418E565-20D9-4B51-81A1-C491DC9C65F8}.Ad-Hoc|iPhoneSimulator.Build.0 = Debug|Any CPU
		{6418E565-20D9-4B51-81A1-C491DC9C65F8}.AppStore|Any CPU.ActiveCfg = Debug|Any CPU
		{6418E565-20D9-4B51-81A1-C491DC9C65F8}.AppStore|Any CPU.Build.0 = Debug|Any CPU
		{6418E565-20D9-4B51-81A1-C491DC9C65F8}.AppStore|iPhone.ActiveCfg = Debug|Any CPU
		{6418E565-20D9-4B51-81A1-C491DC9C65F8}.AppStore|iPhone.Build.0 = Debug|Any CPU
		{6418E565-20D9-4B51-81A1-C491DC9C65F8}.AppStore|iPhoneSimulator.ActiveCfg = Debug|Any CPU
		{6418E565-20D9-4B51-81A1-C491DC9C65F8}.AppStore|iPhoneSimulator.Build.0 = Debug|Any CPU
		{6418E565-20D9-4B51-81A1-C491DC9C65F8}.Debug|Any CPU.ActiveCfg = Debug|Any CPU
		{6418E565-20D9-4B51-81A1-C491DC9C65F8}.Debug|Any CPU.Build.0 = Debug|Any CPU
		{6418E565-20D9-4B51-81A1-C491DC9C65F8}.Debug|iPhone.ActiveCfg = Debug|Any CPU
		{6418E565-20D9-4B51-81A1-C491DC9C65F8}.Debug|iPhone.Build.0 = Debug|Any CPU
		{6418E565-20D9-4B51-81A1-C491DC9C65F8}.Debug|iPhoneSimulator.ActiveCfg = Debug|Any CPU
		{6418E565-20D9-4B51-81A1-C491DC9C65F8}.Debug|iPhoneSimulator.Build.0 = Debug|Any CPU
		{6418E565-20D9-4B51-81A1-C491DC9C65F8}.Release|Any CPU.ActiveCfg = Release|Any CPU
		{6418E565-20D9-4B51-81A1-C491DC9C65F8}.Release|Any CPU.Build.0 = Release|Any CPU
		{6418E565-20D9-4B51-81A1-C491DC9C65F8}.Release|iPhone.ActiveCfg = Release|Any CPU
		{6418E565-20D9-4B51-81A1-C491DC9C65F8}.Release|iPhone.Build.0 = Release|Any CPU
		{6418E565-20D9-4B51-81A1-C491DC9C65F8}.Release|iPhoneSimulator.ActiveCfg = Release|Any CPU
		{6418E565-20D9-4B51-81A1-C491DC9C65F8}.Release|iPhoneSimulator.Build.0 = Release|Any CPU
	EndGlobalSection
	GlobalSection(SolutionProperties) = preSolution
		HideSolutionNode = FALSE
	EndGlobalSection
	GlobalSection(NestedProjects) = preSolution
		{D9CDF93D-C98A-470D-9226-B74C8A47BDC8} = {727D26D6-2450-47C7-B4F9-338056DFDD6A}
		{83FEB6D3-1D92-4166-A38F-841A96A934FA} = {727D26D6-2450-47C7-B4F9-338056DFDD6A}
		{6418E565-20D9-4B51-81A1-C491DC9C65F8} = {727D26D6-2450-47C7-B4F9-338056DFDD6A}
	EndGlobalSection
	GlobalSection(ExtensibilityGlobals) = postSolution
		SolutionGuid = {6B615CF8-095B-463B-AC26-884E58885686}
	EndGlobalSection
EndGlobal
